Microsoft Visual Studio Solution File, Format Version 12.00
# Visual Studio Version 17
VisualStudioVersion = 17.5.2.0
MinimumVisualStudioVersion = 10.0.40219.1
Project("{FAE04EC0-301F-11D3-BF4B-00C04F79EFBC}") = "EmployeeSchedulePlanner", "EmployeeSchedulePlanner.csproj", "{7F41326D-DF50-7177-EB0D-D01B98DCDB62}"
EndProject
Global
	GlobalSection(SolutionConfigurationPlatforms) = preSolution
		Debug|Any CPU = Debug|Any CPU
		Release|Any CPU = Release|Any CPU
	EndGlobalSection
	GlobalSection(ProjectConfigurationPlatforms) = postSolution
		{7F41326D-DF50-7177-EB0D-D01B98DCDB62}.Debug|Any CPU.ActiveCfg = Debug|Any CPU
		{7F41326D-DF50-7177-EB0D-D01B98DCDB62}.Debug|Any CPU.Build.0 = Debug|Any CPU
		{7F41326D-DF50-7177-EB0D-D01B98DCDB62}.Release|Any CPU.ActiveCfg = Release|Any CPU
		{7F41326D-DF50-7177-EB0D-D01B98DCDB62}.Release|Any CPU.Build.0 = Release|Any CPU
	EndGlobalSection
	GlobalSection(SolutionProperties) = preSolution
		HideSolutionNode = FALSE
	EndGlobalSection
	GlobalSection(ExtensibilityGlobals) = postSolution
		SolutionGuid = {A68A6D13-291B-413D-8BAF-5ECD8E4B8285}
	EndGlobalSection
EndGlobal
